
Microsoft Visual Studio Solution File, Format Version 12.00
# Visual Studio Version 16
VisualStudioVersion = 16.0.31321.278
MinimumVisualStudioVersion = 10.0.40219.1
Project("{FAE04EC0-301F-11D3-BF4B-00C04F79EFBC}") = "WebApp.BookStore", "WebApp.BookStore\WebApp.BookStore.csproj", "{1FCDEEAA-E422-455B-A834-95FD5E8442D3}"
EndProject
Global
	GlobalSection(SolutionConfigurationPlatforms) = preSolution
		Debug|Any CPU = Debug|Any CPU
		Release|Any CPU = Release|Any CPU
	EndGlobalSection
	GlobalSection(ProjectConfigurationPlatforms) = postSolution
		{1FCDEEAA-E422-455B-A834-95FD5E8442D3}.Debug|Any CPU.ActiveCfg = Debug|Any CPU
		{1FCDEEAA-E422-455B-A834-95FD5E8442D3}.Debug|Any CPU.Build.0 = Debug|Any CPU
		{1FCDEEAA-E422-455B-A834-95FD5E8442D3}.Release|Any CPU.ActiveCfg = Release|Any CPU
		{1FCDEEAA-E422-455B-A834-95FD5E8442D3}.Release|Any CPU.Build.0 = Release|Any CPU
	EndGlobalSection
	GlobalSection(SolutionProperties) = preSolution
		HideSolutionNode = FALSE
	EndGlobalSection
	GlobalSection(ExtensibilityGlobals) = postSolution
		SolutionGuid = {B57AF79F-39C6-4B1D-B1F4-0D4846771328}
	EndGlobalSection
EndGlobal
